
Microsoft Visual Studio Solution File, Format Version 12.00
# Visual Studio 15
VisualStudioVersion = 15.0.28307.645
MinimumVisualStudioVersion = 10.0.40219.1
Project("{FAE04EC0-301F-11D3-BF4B-00C04F79EFBC}") = "SplashApp.Android", "SplashApp\SplashApp.Android\SplashApp.Android.csproj", "{72D0A681-7981-45DA-8986-7D92E5CF5CAB}"
EndProject
Project("{FAE04EC0-301F-11D3-BF4B-00C04F79EFBC}") = "SplashApp", "SplashApp\SplashApp\SplashApp.csproj", "{79DCCF7F-1201-43E9-8D09-A1AC794A6D67}"
EndProject
Global
	GlobalSection(SolutionConfigurationPlatforms) = preSolution
		Debug|Any CPU = Debug|Any CPU
		Release|Any CPU = Release|Any CPU
	EndGlobalSection
	GlobalSection(ProjectConfigurationPlatforms) = postSolution
		{72D0A681-7981-45DA-8986-7D92E5CF5CAB}.Debug|Any CPU.ActiveCfg = Debug|Any CPU
		{72D0A681-7981-45DA-8986-7D92E5CF5CAB}.Debug|Any CPU.Build.0 = Debug|Any CPU
		{72D0A681-7981-45DA-8986-7D92E5CF5CAB}.Debug|Any CPU.Deploy.0 = Debug|Any CPU
		{72D0A681-7981-45DA-8986-7D92E5CF5CAB}.Release|Any CPU.ActiveCfg = Release|Any CPU
		{72D0A681-7981-45DA-8986-7D92E5CF5CAB}.Release|Any CPU.Build.0 = Release|Any CPU
		{72D0A681-7981-45DA-8986-7D92E5CF5CAB}.Release|Any CPU.Deploy.0 = Release|Any CPU
		{79DCCF7F-1201-43E9-8D09-A1AC794A6D67}.Debug|Any CPU.ActiveCfg = Debug|Any CPU
		{79DCCF7F-1201-43E9-8D09-A1AC794A6D67}.Debug|Any CPU.Build.0 = Debug|Any CPU
		{79DCCF7F-1201-43E9-8D09-A1AC794A6D67}.Debug|Any CPU.Deploy.0 = Debug|Any CPU
		{79DCCF7F-1201-43E9-8D09-A1AC794A6D67}.Release|Any CPU.ActiveCfg = Release|Any CPU
		{79DCCF7F-1201-43E9-8D09-A1AC794A6D67}.Release|Any CPU.Build.0 = Release|Any CPU
		{79DCCF7F-1201-43E9-8D09-A1AC794A6D67}.Release|Any CPU.Deploy.0 = Release|Any CPU
	EndGlobalSection
	GlobalSection(SolutionProperties) = preSolution
		HideSolutionNode = FALSE
	EndGlobalSection
	GlobalSection(ExtensibilityGlobals) = postSolution
		SolutionGuid = {EBD85B1E-07FA-40DE-B0B5-E2C69BAB43F0}
	EndGlobalSection
EndGlobal
